
Microsoft Visual Studio Solution File, Format Version 12.00
# Visual Studio 15
VisualStudioVersion = 15.0.28010.2019
MinimumVisualStudioVersion = 10.0.40219.1
Project("{FAE04EC0-301F-11D3-BF4B-00C04F79EFBC}") = "apka", "apka\apka.csproj", "{B2FBFB59-F9BE-435A-A9E1-2B27BDF24EE1}"
EndProject
Global
	GlobalSection(SolutionConfigurationPlatforms) = preSolution
		Debug|Any CPU = Debug|Any CPU
		Release|Any CPU = Release|Any CPU
	EndGlobalSection
	GlobalSection(ProjectConfigurationPlatforms) = postSolution
		{B2FBFB59-F9BE-435A-A9E1-2B27BDF24EE1}.Debug|Any CPU.ActiveCfg = Debug|Any CPU
		{B2FBFB59-F9BE-435A-A9E1-2B27BDF24EE1}.Debug|Any CPU.Build.0 = Debug|Any CPU
		{B2FBFB59-F9BE-435A-A9E1-2B27BDF24EE1}.Release|Any CPU.ActiveCfg = Release|Any CPU
		{B2FBFB59-F9BE-435A-A9E1-2B27BDF24EE1}.Release|Any CPU.Build.0 = Release|Any CPU
	EndGlobalSection
	GlobalSection(SolutionProperties) = preSolution
		HideSolutionNode = FALSE
	EndGlobalSection
	GlobalSection(ExtensibilityGlobals) = postSolution
		SolutionGuid = {6C9B6EC4-3659-400A-8BAD-B0DB08D0084B}
	EndGlobalSection
EndGlobal
